
Microsoft Visual Studio Solution File, Format Version 12.00
# Visual Studio Version 16
VisualStudioVersion = 16.0.31321.278
MinimumVisualStudioVersion = 10.0.40219.1
Project("{FAE04EC0-301F-11D3-BF4B-00C04F79EFBC}") = "ObjectPool", "ObjectPool\ObjectPool.csproj", "{088BF11A-501A-4304-8351-FDE70283420C}"
EndProject
Global
	GlobalSection(SolutionConfigurationPlatforms) = preSolution
		Debug|Any CPU = Debug|Any CPU
		Release|Any CPU = Release|Any CPU
	EndGlobalSection
	GlobalSection(ProjectConfigurationPlatforms) = postSolution
		{088BF11A-501A-4304-8351-FDE70283420C}.Debug|Any CPU.ActiveCfg = Debug|Any CPU
		{088BF11A-501A-4304-8351-FDE70283420C}.Debug|Any CPU.Build.0 = Debug|Any CPU
		{088BF11A-501A-4304-8351-FDE70283420C}.Release|Any CPU.ActiveCfg = Release|Any CPU
		{088BF11A-501A-4304-8351-FDE70283420C}.Release|Any CPU.Build.0 = Release|Any CPU
	EndGlobalSection
	GlobalSection(SolutionProperties) = preSolution
		HideSolutionNode = FALSE
	EndGlobalSection
	GlobalSection(ExtensibilityGlobals) = postSolution
		SolutionGuid = {683D4459-4E56-4B03-9B7E-05769602858E}
	EndGlobalSection
EndGlobal
