
Microsoft Visual Studio Solution File, Format Version 12.00
# Visual Studio Version 16
VisualStudioVersion = 16.0.31515.178
MinimumVisualStudioVersion = 10.0.40219.1
Project("{FAE04EC0-301F-11D3-BF4B-00C04F79EFBC}") = "Mediator", "Mediator\Mediator.csproj", "{FD604682-ACDF-4366-AB8A-2BFF745484EB}"
EndProject
Global
	GlobalSection(SolutionConfigurationPlatforms) = preSolution
		Debug|Any CPU = Debug|Any CPU
		Release|Any CPU = Release|Any CPU
	EndGlobalSection
	GlobalSection(ProjectConfigurationPlatforms) = postSolution
		{FD604682-ACDF-4366-AB8A-2BFF745484EB}.Debug|Any CPU.ActiveCfg = Debug|Any CPU
		{FD604682-ACDF-4366-AB8A-2BFF745484EB}.Debug|Any CPU.Build.0 = Debug|Any CPU
		{FD604682-ACDF-4366-AB8A-2BFF745484EB}.Release|Any CPU.ActiveCfg = Release|Any CPU
		{FD604682-ACDF-4366-AB8A-2BFF745484EB}.Release|Any CPU.Build.0 = Release|Any CPU
	EndGlobalSection
	GlobalSection(SolutionProperties) = preSolution
		HideSolutionNode = FALSE
	EndGlobalSection
	GlobalSection(ExtensibilityGlobals) = postSolution
		SolutionGuid = {51A48ABF-D921-4AEB-8707-ECBEA6F96666}
	EndGlobalSection
EndGlobal
